
Microsoft Visual Studio Solution File, Format Version 12.00
# Visual Studio Version 16
VisualStudioVersion = 16.0.31105.61
MinimumVisualStudioVersion = 10.0.40219.1
Project("{9A19103F-16F7-4668-BE54-9A1E7A4F7556}") = "SmartSchool.API", "SmartSchool.API\SmartSchool.API.csproj", "{8B67ACBC-E22C-4017-9360-247F16D4DAD7}"
EndProject
Global
	GlobalSection(SolutionConfigurationPlatforms) = preSolution
		Debug|Any CPU = Debug|Any CPU
		Release|Any CPU = Release|Any CPU
	EndGlobalSection
	GlobalSection(ProjectConfigurationPlatforms) = postSolution
		{8B67ACBC-E22C-4017-9360-247F16D4DAD7}.Debug|Any CPU.ActiveCfg = Debug|Any CPU
		{8B67ACBC-E22C-4017-9360-247F16D4DAD7}.Debug|Any CPU.Build.0 = Debug|Any CPU
		{8B67ACBC-E22C-4017-9360-247F16D4DAD7}.Release|Any CPU.ActiveCfg = Release|Any CPU
		{8B67ACBC-E22C-4017-9360-247F16D4DAD7}.Release|Any CPU.Build.0 = Release|Any CPU
	EndGlobalSection
	GlobalSection(SolutionProperties) = preSolution
		HideSolutionNode = FALSE
	EndGlobalSection
	GlobalSection(ExtensibilityGlobals) = postSolution
		SolutionGuid = {DB42370A-CD60-4244-A0F6-009C78AF8DBD}
	EndGlobalSection
EndGlobal
